
Microsoft Visual Studio Solution File, Format Version 12.00
# Visual Studio Version 17
VisualStudioVersion = 17.5.002.0
MinimumVisualStudioVersion = 10.0.40219.1
Project("{2150E333-8FDC-42A3-9474-1A3956D46DE8}") = "csharp-prep", "csharp-prep", "{5C244D7F-EA09-4C26-A9C7-1DF7A3F530B1}"
EndProject
Project("{9A19103F-16F7-4668-BE54-9A1E7A4F7556}") = "Prep1", "csharp-prep\Prep1\Prep1.csproj", "{A3F83C6C-440C-4C54-AF7E-C33223B2593D}"
EndProject
Project("{9A19103F-16F7-4668-BE54-9A1E7A4F7556}") = "Prep2", "csharp-prep\Prep2\Prep2.csproj", "{78BD026C-1544-47CE-9CB5-CF347C71FA52}"
EndProject
Project("{9A19103F-16F7-4668-BE54-9A1E7A4F7556}") = "Prep3", "csharp-prep\Prep3\Prep3.csproj", "{242446CF-B3D8-4C0F-9A2A-BCA36905D43D}"
EndProject
Project("{9A19103F-16F7-4668-BE54-9A1E7A4F7556}") = "Prep4", "csharp-prep\Prep4\Prep4.csproj", "{394FFECE-C4C0-4061-967F-ADD3123CAAB3}"
EndProject
Project("{9A19103F-16F7-4668-BE54-9A1E7A4F7556}") = "Prep5", "csharp-prep\Prep5\Prep5.csproj", "{7B01E7C7-869B-40BB-A8D2-42000CA48022}"
EndProject
Project("{2150E333-8FDC-42A3-9474-1A3956D46DE8}") = "final", "final", "{97C414F5-B843-4527-B93A-484E6FC5EC6C}"
EndProject
Project("{9A19103F-16F7-4668-BE54-9A1E7A4F7556}") = "FinalProject", "final\FinalProject\FinalProject.csproj", "{7AE6AA0C-0C6F-4698-A8F5-F749AAB9B7C5}"
EndProject
Project("{9A19103F-16F7-4668-BE54-9A1E7A4F7556}") = "Foundation1", "final\Foundation1\Foundation1.csproj", "{B3D2A86B-B212-4C7B-BBA4-8FF1ABB7BDCB}"
EndProject
Project("{9A19103F-16F7-4668-BE54-9A1E7A4F7556}") = "Foundation2", "final\Foundation2\Foundation2.csproj", "{704B7ABF-891C-4292-A706-136C4FEB91D1}"
EndProject
Project("{9A19103F-16F7-4668-BE54-9A1E7A4F7556}") = "Foundation3", "final\Foundation3\Foundation3.csproj", "{DA4A03BA-E527-4152-AF4D-EC16F1F3EBE0}"
EndProject
Project("{9A19103F-16F7-4668-BE54-9A1E7A4F7556}") = "Foundation4", "final\Foundation4\Foundation4.csproj", "{DE2B6180-4CD1-4231-AA23-0F0970FDA163}"
EndProject
Project("{2150E333-8FDC-42A3-9474-1A3956D46DE8}") = "prepare", "prepare", "{23F47441-1C4E-4604-9EDE-832252432C5D}"
EndProject
Project("{9A19103F-16F7-4668-BE54-9A1E7A4F7556}") = "Learning02", "prepare\Learning02\Learning02.csproj", "{8E7C70BF-2097-41B2-A633-AC23607E22A7}"
EndProject
Project("{9A19103F-16F7-4668-BE54-9A1E7A4F7556}") = "Learning03", "prepare\Learning03\Learning03.csproj", "{1142ABC1-1E79-4CE6-9666-D161A69BC1C9}"
EndProject
Project("{9A19103F-16F7-4668-BE54-9A1E7A4F7556}") = "Learning04", "prepare\Learning04\Learning04.csproj", "{3A12E195-38A9-4576-9247-1936B59B5EAD}"
EndProject
Project("{9A19103F-16F7-4668-BE54-9A1E7A4F7556}") = "Learning05", "prepare\Learning05\Learning05.csproj", "{B7F11B06-2A00-4F1C-ACA5-04260BA3D385}"
EndProject
Project("{2150E333-8FDC-42A3-9474-1A3956D46DE8}") = "prove", "prove", "{12DA280D-1D3E-4CA3-BC9E-0381F6BB50F3}"
EndProject
Project("{9A19103F-16F7-4668-BE54-9A1E7A4F7556}") = "Develop02", "prove\Develop02\Develop02.csproj", "{08BA9BED-19D6-4F03-B179-B86D4F76A3C1}"
EndProject
Project("{9A19103F-16F7-4668-BE54-9A1E7A4F7556}") = "Develop03", "prove\Develop03\Develop03.csproj", "{0DCDA214-BA3E-48AA-BE92-2C35C557EAFE}"
EndProject
Project("{9A19103F-16F7-4668-BE54-9A1E7A4F7556}") = "Develop04", "prove\Develop04\Develop04.csproj", "{20CCADFC-9971-4149-9E2E-BA083BD4E68C}"
EndProject
Project("{9A19103F-16F7-4668-BE54-9A1E7A4F7556}") = "Develop05", "prove\Develop05\Develop05.csproj", "{AB123DC1-67F9-4493-B0DD-5261B788FDC4}"
EndProject
Project("{2150E333-8FDC-42A3-9474-1A3956D46DE8}") = "sandbox", "sandbox", "{7E0809B3-3EE2-4F00-8C33-E0C9F74FFE53}"
EndProject
Project("{9A19103F-16F7-4668-BE54-9A1E7A4F7556}") = "Sandbox", "sandbox\Sandbox\Sandbox.csproj", "{DD7B5B6C-02B6-4A47-929E-13CCD6780F39}"
EndProject
Global
	GlobalSection(SolutionConfigurationPlatforms) = preSolution
		Debug|Any CPU = Debug|Any CPU
		Release|Any CPU = Release|Any CPU
	EndGlobalSection
	GlobalSection(ProjectConfigurationPlatforms) = postSolution
		{A3F83C6C-440C-4C54-AF7E-C33223B2593D}.Debug|Any CPU.ActiveCfg = Debug|Any CPU
		{A3F83C6C-440C-4C54-AF7E-C33223B2593D}.Debug|Any CPU.Build.0 = Debug|Any CPU
		{A3F83C6C-440C-4C54-AF7E-C33223B2593D}.Release|Any CPU.ActiveCfg = Release|Any CPU
		{A3F83C6C-440C-4C54-AF7E-C33223B2593D}.Release|Any CPU.Build.0 = Release|Any CPU
		{78BD026C-1544-47CE-9CB5-CF347C71FA52}.Debug|Any CPU.ActiveCfg = Debug|Any CPU
		{78BD026C-1544-47CE-9CB5-CF347C71FA52}.Debug|Any CPU.Build.0 = Debug|Any CPU
		{78BD026C-1544-47CE-9CB5-CF347C71FA52}.Release|Any CPU.ActiveCfg = Release|Any CPU
		{78BD026C-1544-47CE-9CB5-CF347C71FA52}.Release|Any CPU.Build.0 = Release|Any CPU
		{242446CF-B3D8-4C0F-9A2A-BCA36905D43D}.Debug|Any CPU.ActiveCfg = Debug|Any CPU
		{242446CF-B3D8-4C0F-9A2A-BCA36905D43D}.Debug|Any CPU.Build.0 = Debug|Any CPU
		{242446CF-B3D8-4C0F-9A2A-BCA36905D43D}.Release|Any CPU.ActiveCfg = Release|Any CPU
		{242446CF-B3D8-4C0F-9A2A-BCA36905D43D}.Release|Any CPU.Build.0 = Release|Any CPU
		{394FFECE-C4C0-4061-967F-ADD3123CAAB3}.Debug|Any CPU.ActiveCfg = Debug|Any CPU
		{394FFECE-C4C0-4061-967F-ADD3123CAAB3}.Debug|Any CPU.Build.0 = Debug|Any CPU
		{394FFECE-C4C0-4061-967F-ADD3123CAAB3}.Release|Any CPU.ActiveCfg = Release|Any CPU
		{394FFECE-C4C0-4061-967F-ADD3123CAAB3}.Release|Any CPU.Build.0 = Release|Any CPU
		{7B01E7C7-869B-40BB-A8D2-42000CA48022}.Debug|Any CPU.ActiveCfg = Debug|Any CPU
		{7B01E7C7-869B-40BB-A8D2-42000CA48022}.Debug|Any CPU.Build.0 = Debug|Any CPU
		{7B01E7C7-869B-40BB-A8D2-42000CA48022}.Release|Any CPU.ActiveCfg = Release|Any CPU
		{7B01E7C7-869B-40BB-A8D2-42000CA48022}.Release|Any CPU.Build.0 = Release|Any CPU
		{7AE6AA0C-0C6F-4698-A8F5-F749AAB9B7C5}.Debug|Any CPU.ActiveCfg = Debug|Any CPU
		{7AE6AA0C-0C6F-4698-A8F5-F749AAB9B7C5}.Debug|Any CPU.Build.0 = Debug|Any CPU
		{7AE6AA0C-0C6F-4698-A8F5-F749AAB9B7C5}.Release|Any CPU.ActiveCfg = Release|Any CPU
		{7AE6AA0C-0C6F-4698-A8F5-F749AAB9B7C5}.Release|Any CPU.Build.0 = Release|Any CPU
		{B3D2A86B-B212-4C7B-BBA4-8FF1ABB7BDCB}.Debug|Any CPU.ActiveCfg = Debug|Any CPU
		{B3D2A86B-B212-4C7B-BBA4-8FF1ABB7BDCB}.Debug|Any CPU.Build.0 = Debug|Any CPU
		{B3D2A86B-B212-4C7B-BBA4-8FF1ABB7BDCB}.Release|Any CPU.ActiveCfg = Release|Any CPU
		{B3D2A86B-B212-4C7B-BBA4-8FF1ABB7BDCB}.Release|Any CPU.Build.0 = Release|Any CPU
		{704B7ABF-891C-4292-A706-136C4FEB91D1}.Debug|Any CPU.ActiveCfg = Debug|Any CPU
		{704B7ABF-891C-4292-A706-136C4FEB91D1}.Debug|Any CPU.Build.0 = Debug|Any CPU
		{704B7ABF-891C-4292-A706-136C4FEB91D1}.Release|Any CPU.ActiveCfg = Release|Any CPU
		{704B7ABF-891C-4292-A706-136C4FEB91D1}.Release|Any CPU.Build.0 = Release|Any CPU
		{DA4A03BA-E527-4152-AF4D-EC16F1F3EBE0}.Debug|Any CPU.ActiveCfg = Debug|Any CPU
		{DA4A03BA-E527-4152-AF4D-EC16F1F3EBE0}.Debug|Any CPU.Build.0 = Debug|Any CPU
		{DA4A03BA-E527-4152-AF4D-EC16F1F3EBE0}.Release|Any CPU.ActiveCfg = Release|Any CPU
		{DA4A03BA-E527-4152-AF4D-EC16F1F3EBE0}.Release|Any CPU.Build.0 = Release|Any CPU
		{DE2B6180-4CD1-4231-AA23-0F0970FDA163}.Debug|Any CPU.ActiveCfg = Debug|Any CPU
		{DE2B6180-4CD1-4231-AA23-0F0970FDA163}.Debug|Any CPU.Build.0 = Debug|Any CPU
		{DE2B6180-4CD1-4231-AA23-0F0970FDA163}.Release|Any CPU.ActiveCfg = Release|Any CPU
		{DE2B6180-4CD1-4231-AA23-0F0970FDA163}.Release|Any CPU.Build.0 = Release|Any CPU
		{8E7C70BF-2097-41B2-A633-AC23607E22A7}.Debug|Any CPU.ActiveCfg = Debug|Any CPU
		{8E7C70BF-2097-41B2-A633-AC23607E22A7}.Debug|Any CPU.Build.0 = Debug|Any CPU
		{8E7C70BF-2097-41B2-A633-AC23607E22A7}.Release|Any CPU.ActiveCfg = Release|Any CPU
		{8E7C70BF-2097-41B2-A633-AC23607E22A7}.Release|Any CPU.Build.0 = Release|Any CPU
		{1142ABC1-1E79-4CE6-9666-D161A69BC1C9}.Debug|Any CPU.ActiveCfg = Debug|Any CPU
		{1142ABC1-1E79-4CE6-9666-D161A69BC1C9}.Debug|Any CPU.Build.0 = Debug|Any CPU
		{1142ABC1-1E79-4CE6-9666-D161A69BC1C9}.Release|Any CPU.ActiveCfg = Release|Any CPU
		{1142ABC1-1E79-4CE6-9666-D161A69BC1C9}.Release|Any CPU.Build.0 = Release|Any CPU
		{3A12E195-38A9-4576-9247-1936B59B5EAD}.Debug|Any CPU.ActiveCfg = Debug|Any CPU
		{3A12E195-38A9-4576-9247-1936B59B5EAD}.Debug|Any CPU.Build.0 = Debug|Any CPU
		{3A12E195-38A9-4576-9247-1936B59B5EAD}.Release|Any CPU.ActiveCfg = Release|Any CPU
		{3A12E195-38A9-4576-9247-1936B59B5EAD}.Release|Any CPU.Build.0 = Release|Any CPU
		{B7F11B06-2A00-4F1C-ACA5-04260BA3D385}.Debug|Any CPU.ActiveCfg = Debug|Any CPU
		{B7F11B06-2A00-4F1C-ACA5-04260BA3D385}.Debug|Any CPU.Build.0 = Debug|Any CPU
		{B7F11B06-2A00-4F1C-ACA5-04260BA3D385}.Release|Any CPU.ActiveCfg = Release|Any CPU
		{B7F11B06-2A00-4F1C-ACA5-04260BA3D385}.Release|Any CPU.Build.0 = Release|Any CPU
		{08BA9BED-19D6-4F03-B179-B86D4F76A3C1}.Debug|Any CPU.ActiveCfg = Debug|Any CPU
		{08BA9BED-19D6-4F03-B179-B86D4F76A3C1}.Debug|Any CPU.Build.0 = Debug|Any CPU
		{08BA9BED-19D6-4F03-B179-B86D4F76A3C1}.Release|Any CPU.ActiveCfg = Release|Any CPU
		{08BA9BED-19D6-4F03-B179-B86D4F76A3C1}.Release|Any CPU.Build.0 = Release|Any CPU
		{0DCDA214-BA3E-48AA-BE92-2C35C557EAFE}.Debug|Any CPU.ActiveCfg = Debug|Any CPU
		{0DCDA214-BA3E-48AA-BE92-2C35C557EAFE}.Debug|Any CPU.Build.0 = Debug|Any CPU
		{0DCDA214-BA3E-48AA-BE92-2C35C557EAFE}.Release|Any CPU.ActiveCfg = Release|Any CPU
		{0DCDA214-BA3E-48AA-BE92-2C35C557EAFE}.Release|Any CPU.Build.0 = Release|Any CPU
		{20CCADFC-9971-4149-9E2E-BA083BD4E68C}.Debug|Any CPU.ActiveCfg = Debug|Any CPU
		{20CCADFC-9971-4149-9E2E-BA083BD4E68C}.Debug|Any CPU.Build.0 = Debug|Any CPU
		{20CCADFC-9971-4149-9E2E-BA083BD4E68C}.Release|Any CPU.ActiveCfg = Release|Any CPU
		{20CCADFC-9971-4149-9E2E-BA083BD4E68C}.Release|Any CPU.Build.0 = Release|Any CPU
		{AB123DC1-67F9-4493-B0DD-5261B788FDC4}.Debug|Any CPU.ActiveCfg = Debug|Any CPU
		{AB123DC1-67F9-4493-B0DD-5261B788FDC4}.Debug|Any CPU.Build.0 = Debug|Any CPU
		{AB123DC1-67F9-4493-B0DD-5261B788FDC4}.Release|Any CPU.ActiveCfg = Release|Any CPU
		{AB123DC1-67F9-4493-B0DD-5261B788FDC4}.Release|Any CPU.Build.0 = Release|Any CPU
		{DD7B5B6C-02B6-4A47-929E-13CCD6780F39}.Debug|Any CPU.ActiveCfg = Debug|Any CPU
		{DD7B5B6C-02B6-4A47-929E-13CCD6780F39}.Debug|Any CPU.Build.0 = Debug|Any CPU
		{DD7B5B6C-02B6-4A47-929E-13CCD6780F39}.Release|Any CPU.ActiveCfg = Release|Any CPU
		{DD7B5B6C-02B6-4A47-929E-13CCD6780F39}.Release|Any CPU.Build.0 = Release|Any CPU
	EndGlobalSection
	GlobalSection(SolutionProperties) = preSolution
		HideSolutionNode = FALSE
	EndGlobalSection
	GlobalSection(NestedProjects) = preSolution
		{A3F83C6C-440C-4C54-AF7E-C33223B2593D} = {5C244D7F-EA09-4C26-A9C7-1DF7A3F530B1}
		{78BD026C-1544-47CE-9CB5-CF347C71FA52} = {5C244D7F-EA09-4C26-A9C7-1DF7A3F530B1}
		{242446CF-B3D8-4C0F-9A2A-BCA36905D43D} = {5C244D7F-EA09-4C26-A9C7-1DF7A3F530B1}
		{394FFECE-C4C0-4061-967F-ADD3123CAAB3} = {5C244D7F-EA09-4C26-A9C7-1DF7A3F530B1}
		{7B01E7C7-869B-40BB-A8D2-42000CA48022} = {5C244D7F-EA09-4C26-A9C7-1DF7A3F530B1}
		{7AE6AA0C-0C6F-4698-A8F5-F749AAB9B7C5} = {97C414F5-B843-4527-B93A-484E6FC5EC6C}
		{B3D2A86B-B212-4C7B-BBA4-8FF1ABB7BDCB} = {97C414F5-B843-4527-B93A-484E6FC5EC6C}
		{704B7ABF-891C-4292-A706-136C4FEB91D1} = {97C414F5-B843-4527-B93A-484E6FC5EC6C}
		{DA4A03BA-E527-4152-AF4D-EC16F1F3EBE0} = {97C414F5-B843-4527-B93A-484E6FC5EC6C}
		{DE2B6180-4CD1-4231-AA23-0F0970FDA163} = {97C414F5-B843-4527-B93A-484E6FC5EC6C}
		{8E7C70BF-2097-41B2-A633-AC23607E22A7} = {23F47441-1C4E-4604-9EDE-832252432C5D}
		{1142ABC1-1E79-4CE6-9666-D161A69BC1C9} = {23F47441-1C4E-4604-9EDE-832252432C5D}
		{3A12E195-38A9-4576-9247-1936B59B5EAD} = {23F47441-1C4E-4604-9EDE-832252432C5D}
		{B7F11B06-2A00-4F1C-ACA5-04260BA3D385} = {23F47441-1C4E-4604-9EDE-832252432C5D}
		{08BA9BED-19D6-4F03-B179-B86D4F76A3C1} = {12DA280D-1D3E-4CA3-BC9E-0381F6BB50F3}
		{0DCDA214-BA3E-48AA-BE92-2C35C557EAFE} = {12DA280D-1D3E-4CA3-BC9E-0381F6BB50F3}
		{20CCADFC-9971-4149-9E2E-BA083BD4E68C} = {12DA280D-1D3E-4CA3-BC9E-0381F6BB50F3}
		{AB123DC1-67F9-4493-B0DD-5261B788FDC4} = {12DA280D-1D3E-4CA3-BC9E-0381F6BB50F3}
		{DD7B5B6C-02B6-4A47-929E-13CCD6780F39} = {7E0809B3-3EE2-4F00-8C33-E0C9F74FFE53}
	EndGlobalSection
	GlobalSection(ExtensibilityGlobals) = postSolution
		SolutionGuid = {11168BF7-05D5-4018-8375-102A51FB9AFC}
	EndGlobalSection
EndGlobal
